// !$*UTF8*$!
{
	archiveVersion = 1;
	classes = {
	};
	objectVersion = 55;
	objects = {

/* Begin PBXBuildFile section */
		9A1E402F28A7A5A7006423CF /* AppDelegate.swift in Sources */ = {isa = PBXBuildFile; fileRef = 9A1E402E28A7A5A7006423CF /* AppDelegate.swift */; };
		9A1E403128A7A5A7006423CF /* SceneDelegate.swift in Sources */ = {isa = PBXBuildFile; fileRef = 9A1E403028A7A5A7006423CF /* SceneDelegate.swift */; };
		9A1E403828A7A5AA006423CF /* Assets.xcassets in Resources */ = {isa = PBXBuildFile; fileRef = 9A1E403728A7A5AA006423CF /* Assets.xcassets */; };
		9A1E403B28A7A5AA006423CF /* LaunchScreen.storyboard in Resources */ = {isa = PBXBuildFile; fileRef = 9A1E403928A7A5AA006423CF /* LaunchScreen.storyboard */; };
		9A1E404528A7A625006423CF /* TopRatedModel.swift in Sources */ = {isa = PBXBuildFile; fileRef = 9A1E404428A7A625006423CF /* TopRatedModel.swift */; };
		9A1E405A28A7B169006423CF /* MainScreenViewModel.swift in Sources */ = {isa = PBXBuildFile; fileRef = 9A1E404B28A7B169006423CF /* MainScreenViewModel.swift */; };
		9A1E405D28A7B169006423CF /* MainPageViewController.swift in Sources */ = {isa = PBXBuildFile; fileRef = 9A1E404F28A7B169006423CF /* MainPageViewController.swift */; };
		9A1E405E28A7B169006423CF /* MovieModel.swift in Sources */ = {isa = PBXBuildFile; fileRef = 9A1E405128A7B169006423CF /* MovieModel.swift */; };
		9A1E405F28A7B169006423CF /* MovieTableViewCell.swift in Sources */ = {isa = PBXBuildFile; fileRef = 9A1E405328A7B169006423CF /* MovieTableViewCell.swift */; };
		9A1E406028A7B169006423CF /* MovieDetailsViewController.swift in Sources */ = {isa = PBXBuildFile; fileRef = 9A1E405528A7B169006423CF /* MovieDetailsViewController.swift */; };
		9A1E406128A7B169006423CF /* MoviesCollectionViewCell.swift in Sources */ = {isa = PBXBuildFile; fileRef = 9A1E405728A7B169006423CF /* MoviesCollectionViewCell.swift */; };
		9A1E406228A7B169006423CF /* MovieDetailsViewModel.swift in Sources */ = {isa = PBXBuildFile; fileRef = 9A1E405928A7B169006423CF /* MovieDetailsViewModel.swift */; };
		9A1E406428A7B175006423CF /* ImageCache.swift in Sources */ = {isa = PBXBuildFile; fileRef = 9A1E406328A7B175006423CF /* ImageCache.swift */; };
		9A1E407728A7CEFD006423CF /* DetailsModel.swift in Sources */ = {isa = PBXBuildFile; fileRef = 9A1E407628A7CEFD006423CF /* DetailsModel.swift */; };
		9AEA944728A7E80F00C39CF3 /* FetchMovie.swift in Sources */ = {isa = PBXBuildFile; fileRef = 9AEA944628A7E80F00C39CF3 /* FetchMovie.swift */; };
/* End PBXBuildFile section */

/* Begin PBXFileReference section */
		9A1E402B28A7A5A7006423CF /* Galaktion Nizharadze, Assignment #22.app */ = {isa = PBXFileReference; explicitFileType = wrapper.application; includeInIndex = 0; path = "Galaktion Nizharadze, Assignment #22.app"; sourceTree = BUILT_PRODUCTS_DIR; };
		9A1E402E28A7A5A7006423CF /* AppDelegate.swift */ = {isa = PBXFileReference; lastKnownFileType = sourcecode.swift; path = AppDelegate.swift; sourceTree = "<group>"; };
		9A1E403028A7A5A7006423CF /* SceneDelegate.swift */ = {isa = PBXFileReference; lastKnownFileType = sourcecode.swift; path = SceneDelegate.swift; sourceTree = "<group>"; };
		9A1E403728A7A5AA006423CF /* Assets.xcassets */ = {isa = PBXFileReference; lastKnownFileType = folder.assetcatalog; path = Assets.xcassets; sourceTree = "<group>"; };
		9A1E403A28A7A5AA006423CF /* Base */ = {isa = PBXFileReference; lastKnownFileType = file.storyboard; name = Base; path = Base.lproj/LaunchScreen.storyboard; sourceTree = "<group>"; };
		9A1E403C28A7A5AA006423CF /* Info.plist */ = {isa = PBXFileReference; lastKnownFileType = text.plist.xml; path = Info.plist; sourceTree = "<group>"; };
		9A1E404428A7A625006423CF /* TopRatedModel.swift */ = {isa = PBXFileReference; lastKnownFileType = sourcecode.swift; path = TopRatedModel.swift; sourceTree = "<group>"; };
		9A1E404B28A7B169006423CF /* MainScreenViewModel.swift */ = {isa = PBXFileReference; fileEncoding = 4; lastKnownFileType = sourcecode.swift; path = MainScreenViewModel.swift; sourceTree = "<group>"; };
		9A1E404F28A7B169006423CF /* MainPageViewController.swift */ = {isa = PBXFileReference; fileEncoding = 4; lastKnownFileType = sourcecode.swift; path = MainPageViewController.swift; sourceTree = "<group>"; };
		9A1E405128A7B169006423CF /* MovieModel.swift */ = {isa = PBXFileReference; fileEncoding = 4; lastKnownFileType = sourcecode.swift; path = MovieModel.swift; sourceTree = "<group>"; };
		9A1E405328A7B169006423CF /* MovieTableViewCell.swift */ = {isa = PBXFileReference; fileEncoding = 4; lastKnownFileType = sourcecode.swift; path = MovieTableViewCell.swift; sourceTree = "<group>"; };
		9A1E405528A7B169006423CF /* MovieDetailsViewController.swift */ = {isa = PBXFileReference; fileEncoding = 4; lastKnownFileType = sourcecode.swift; path = MovieDetailsViewController.swift; sourceTree = "<group>"; };
		9A1E405728A7B169006423CF /* MoviesCollectionViewCell.swift */ = {isa = PBXFileReference; fileEncoding = 4; lastKnownFileType = sourcecode.swift; path = MoviesCollectionViewCell.swift; sourceTree = "<group>"; };
		9A1E405928A7B169006423CF /* MovieDetailsViewModel.swift */ = {isa = PBXFileReference; fileEncoding = 4; lastKnownFileType = sourcecode.swift; path = MovieDetailsViewModel.swift; sourceTree = "<group>"; };
		9A1E406328A7B175006423CF /* ImageCache.swift */ = {isa = PBXFileReference; fileEncoding = 4; lastKnownFileType = sourcecode.swift; name = ImageCache.swift; path = ../../../../Documents/FlatRockyMovies/FlatRockyMovies/SupportingFiles/ImageCache.swift; sourceTree = "<group>"; };
		9A1E407628A7CEFD006423CF /* DetailsModel.swift */ = {isa = PBXFileReference; lastKnownFileType = sourcecode.swift; path = DetailsModel.swift; sourceTree = "<group>"; };
		9AEA944628A7E80F00C39CF3 /* FetchMovie.swift */ = {isa = PBXFileReference; lastKnownFileType = sourcecode.swift; path = FetchMovie.swift; sourceTree = "<group>"; };
/* End PBXFileReference section */

/* Begin PBXFrameworksBuildPhase section */
		9A1E402828A7A5A7006423CF /* Frameworks */ = {
			isa = PBXFrameworksBuildPhase;
			buildActionMask = 2147483647;
			files = (
			);
			runOnlyForDeploymentPostprocessing = 0;
		};
/* End PBXFrameworksBuildPhase section */

/* Begin PBXGroup section */
		9A1E402228A7A5A6006423CF = {
			isa = PBXGroup;
			children = (
				9A1E402D28A7A5A7006423CF /* Galaktion Nizharadze, Assignment #22 */,
				9A1E402C28A7A5A7006423CF /* Products */,
			);
			sourceTree = "<group>";
		};
		9A1E402C28A7A5A7006423CF /* Products */ = {
			isa = PBXGroup;
			children = (
				9A1E402B28A7A5A7006423CF /* Galaktion Nizharadze, Assignment #22.app */,
			);
			name = Products;
			sourceTree = "<group>";
		};
		9A1E402D28A7A5A7006423CF /* Galaktion Nizharadze, Assignment #22 */ = {
			isa = PBXGroup;
			children = (
				9A1E404228A7A5C9006423CF /* SupportingFiles */,
				9A1E404328A7A603006423CF /* APIService */,
				9A1E404828A7B169006423CF /* Screens */,
			);
			path = "Galaktion Nizharadze, Assignment #22";
			sourceTree = "<group>";
		};
		9A1E404228A7A5C9006423CF /* SupportingFiles */ = {
			isa = PBXGroup;
			children = (
				9A1E406328A7B175006423CF /* ImageCache.swift */,
				9A1E402E28A7A5A7006423CF /* AppDelegate.swift */,
				9A1E403028A7A5A7006423CF /* SceneDelegate.swift */,
				9A1E403728A7A5AA006423CF /* Assets.xcassets */,
				9A1E403928A7A5AA006423CF /* LaunchScreen.storyboard */,
				9A1E403C28A7A5AA006423CF /* Info.plist */,
			);
			path = SupportingFiles;
			sourceTree = "<group>";
		};
		9A1E404328A7A603006423CF /* APIService */ = {
			isa = PBXGroup;
			children = (
				9A1E407628A7CEFD006423CF /* DetailsModel.swift */,
				9A1E404428A7A625006423CF /* TopRatedModel.swift */,
				9AEA944628A7E80F00C39CF3 /* FetchMovie.swift */,
			);
			path = APIService;
			sourceTree = "<group>";
		};
		9A1E404828A7B169006423CF /* Screens */ = {
			isa = PBXGroup;
			children = (
				9A1E404928A7B169006423CF /* MovieCollection + Fav Movies */,
				9A1E405428A7B169006423CF /* MovieDetails */,
			);
			name = Screens;
			path = ../../../Documents/FlatRockyMovies/FlatRockyMovies/Screens;
			sourceTree = "<group>";
		};
		9A1E404928A7B169006423CF /* MovieCollection + Fav Movies */ = {
			isa = PBXGroup;
			children = (
				9A1E405028A7B169006423CF /* Model */,
				9A1E405228A7B169006423CF /* View */,
				9A1E404A28A7B169006423CF /* ViewModel */,
				9A1E404F28A7B169006423CF /* MainPageViewController.swift */,
			);
			path = "MovieCollection + Fav Movies";
			sourceTree = "<group>";
		};
		9A1E404A28A7B169006423CF /* ViewModel */ = {
			isa = PBXGroup;
			children = (
				9A1E404B28A7B169006423CF /* MainScreenViewModel.swift */,
			);
			path = ViewModel;
			sourceTree = "<group>";
		};
		9A1E405028A7B169006423CF /* Model */ = {
			isa = PBXGroup;
			children = (
				9A1E405128A7B169006423CF /* MovieModel.swift */,
			);
			path = Model;
			sourceTree = "<group>";
		};
		9A1E405228A7B169006423CF /* View */ = {
			isa = PBXGroup;
			children = (
				9A1E405328A7B169006423CF /* MovieTableViewCell.swift */,
			);
			path = View;
			sourceTree = "<group>";
		};
		9A1E405428A7B169006423CF /* MovieDetails */ = {
			isa = PBXGroup;
			children = (
				9A1E405628A7B169006423CF /* View */,
				9A1E405828A7B169006423CF /* MovieDetailsViewModel */,
				9A1E405528A7B169006423CF /* MovieDetailsViewController.swift */,
			);
			path = MovieDetails;
			sourceTree = "<group>";
		};
		9A1E405628A7B169006423CF /* View */ = {
			isa = PBXGroup;
			children = (
				9A1E405728A7B169006423CF /* MoviesCollectionViewCell.swift */,
			);
			path = View;
			sourceTree = "<group>";
		};
		9A1E405828A7B169006423CF /* MovieDetailsViewModel */ = {
			isa = PBXGroup;
			children = (
				9A1E405928A7B169006423CF /* MovieDetailsViewModel.swift */,
			);
			path = MovieDetailsViewModel;
			sourceTree = "<group>";
		};
/* End PBXGroup section */

/* Begin PBXNativeTarget section */
		9A1E402A28A7A5A7006423CF /* Galaktion Nizharadze, Assignment #22 */ = {
			isa = PBXNativeTarget;
			buildConfigurationList = 9A1E403F28A7A5AA006423CF /* Build configuration list for PBXNativeTarget "Galaktion Nizharadze, Assignment #22" */;
			buildPhases = (
				9A1E402728A7A5A7006423CF /* Sources */,
				9A1E402828A7A5A7006423CF /* Frameworks */,
				9A1E402928A7A5A7006423CF /* Resources */,
			);
			buildRules = (
			);
			dependencies = (
			);
			name = "Galaktion Nizharadze, Assignment #22";
			productName = "Galaktion Nizharadze, Assignment #22";
			productReference = 9A1E402B28A7A5A7006423CF /* Galaktion Nizharadze, Assignment #22.app */;
			productType = "com.apple.product-type.application";
		};
/* End PBXNativeTarget section */

/* Begin PBXProject section */
		9A1E402328A7A5A6006423CF /* Project object */ = {
			isa = PBXProject;
			attributes = {
				BuildIndependentTargetsInParallel = 1;
				LastSwiftUpdateCheck = 1340;
				LastUpgradeCheck = 1340;
				TargetAttributes = {
					9A1E402A28A7A5A7006423CF = {
						CreatedOnToolsVersion = 13.4.1;
					};
				};
			};
			buildConfigurationList = 9A1E402628A7A5A6006423CF /* Build configuration list for PBXProject "Galaktion Nizharadze, Assignment #22" */;
			compatibilityVersion = "Xcode 13.0";
			developmentRegion = en;
			hasScannedForEncodings = 0;
			knownRegions = (
				en,
				Base,
			);
			mainGroup = 9A1E402228A7A5A6006423CF;
			productRefGroup = 9A1E402C28A7A5A7006423CF /* Products */;
			projectDirPath = "";
			projectRoot = "";
			targets = (
				9A1E402A28A7A5A7006423CF /* Galaktion Nizharadze, Assignment #22 */,
			);
		};
/* End PBXProject section */

/* Begin PBXResourcesBuildPhase section */
		9A1E402928A7A5A7006423CF /* Resources */ = {
			isa = PBXResourcesBuildPhase;
			buildActionMask = 2147483647;
			files = (
				9A1E403B28A7A5AA006423CF /* LaunchScreen.storyboard in Resources */,
				9A1E403828A7A5AA006423CF /* Assets.xcassets in Resources */,
			);
			runOnlyForDeploymentPostprocessing = 0;
		};
/* End PBXResourcesBuildPhase section */

/* Begin PBXSourcesBuildPhase section */
		9A1E402728A7A5A7006423CF /* Sources */ = {
			isa = PBXSourcesBuildPhase;
			buildActionMask = 2147483647;
			files = (
				9AEA944728A7E80F00C39CF3 /* FetchMovie.swift in Sources */,
				9A1E405F28A7B169006423CF /* MovieTableViewCell.swift in Sources */,
				9A1E405E28A7B169006423CF /* MovieModel.swift in Sources */,
				9A1E405D28A7B169006423CF /* MainPageViewController.swift in Sources */,
				9A1E406128A7B169006423CF /* MoviesCollectionViewCell.swift in Sources */,
				9A1E407728A7CEFD006423CF /* DetailsModel.swift in Sources */,
				9A1E402F28A7A5A7006423CF /* AppDelegate.swift in Sources */,
				9A1E406028A7B169006423CF /* MovieDetailsViewController.swift in Sources */,
				9A1E405A28A7B169006423CF /* MainScreenViewModel.swift in Sources */,
				9A1E406228A7B169006423CF /* MovieDetailsViewModel.swift in Sources */,
				9A1E404528A7A625006423CF /* TopRatedModel.swift in Sources */,
				9A1E406428A7B175006423CF /* ImageCache.swift in Sources */,
				9A1E403128A7A5A7006423CF /* SceneDelegate.swift in Sources */,
			);
			runOnlyForDeploymentPostprocessing = 0;
		};
/* End PBXSourcesBuildPhase section */

/* Begin PBXVariantGroup section */
		9A1E403928A7A5AA006423CF /* LaunchScreen.storyboard */ = {
			isa = PBXVariantGroup;
			children = (
				9A1E403A28A7A5AA006423CF /* Base */,
			);
			name = LaunchScreen.storyboard;
			sourceTree = "<group>";
		};
/* End PBXVariantGroup section */

/* Begin XCBuildConfiguration section */
		9A1E403D28A7A5AA006423CF /* Debug */ = {
			isa = XCBuildConfiguration;
			buildSettings = {
				ALWAYS_SEARCH_USER_PATHS = NO;
				CLANG_ANALYZER_NONNULL = YES;
				CLANG_ANALYZER_NUMBER_OBJECT_CONVERSION = YES_AGGRESSIVE;
				CLANG_CXX_LANGUAGE_STANDARD = "gnu++17";
				CLANG_ENABLE_MODULES = YES;
				CLANG_ENABLE_OBJC_ARC = YES;
				CLANG_ENABLE_OBJC_WEAK = YES;
				CLANG_WARN_BLOCK_CAPTURE_AUTORELEASING = YES;
				CLANG_WARN_BOOL_CONVERSION = YES;
				CLANG_WARN_COMMA = YES;
				CLANG_WARN_CONSTANT_CONVERSION = YES;
				CLANG_WARN_DEPRECATED_OBJC_IMPLEMENTATIONS = YES;
				CLANG_WARN_DIRECT_OBJC_ISA_USAGE = YES_ERROR;
				CLANG_WARN_DOCUMENTATION_COMMENTS = YES;
				CLANG_WARN_EMPTY_BODY = YES;
				CLANG_WARN_ENUM_CONVERSION = YES;
				CLANG_WARN_INFINITE_RECURSION = YES;
				CLANG_WARN_INT_CONVERSION = YES;
				CLANG_WARN_NON_LITERAL_NULL_CONVERSION = YES;
				CLANG_WARN_OBJC_IMPLICIT_RETAIN_SELF = YES;
				CLANG_WARN_OBJC_LITERAL_CONVERSION = YES;
				CLANG_WARN_OBJC_ROOT_CLASS = YES_ERROR;
				CLANG_WARN_QUOTED_INCLUDE_IN_FRAMEWORK_HEADER = YES;
				CLANG_WARN_RANGE_LOOP_ANALYSIS = YES;
				CLANG_WARN_STRICT_PROTOTYPES = YES;
				CLANG_WARN_SUSPICIOUS_MOVE = YES;
				CLANG_WARN_UNGUARDED_AVAILABILITY = YES_AGGRESSIVE;
				CLANG_WARN_UNREACHABLE_CODE = YES;
				CLANG_WARN__DUPLICATE_METHOD_MATCH = YES;
				COPY_PHASE_STRIP = NO;
				DEBUG_INFORMATION_FORMAT = dwarf;
				ENABLE_STRICT_OBJC_MSGSEND = YES;
				ENABLE_TESTABILITY = YES;
				GCC_C_LANGUAGE_STANDARD = gnu11;
				GCC_DYNAMIC_NO_PIC = NO;
				GCC_NO_COMMON_BLOCKS = YES;
				GCC_OPTIMIZATION_LEVEL = 0;
				GCC_PREPROCESSOR_DEFINITIONS = (
					"DEBUG=1",
					"$(inherited)",
				);
				GCC_WARN_64_TO_32_BIT_CONVERSION = YES;
				GCC_WARN_ABOUT_RETURN_TYPE = YES_ERROR;
				GCC_WARN_UNDECLARED_SELECTOR = YES;
				GCC_WARN_UNINITIALIZED_AUTOS = YES_AGGRESSIVE;
				GCC_WARN_UNUSED_FUNCTION = YES;
				GCC_WARN_UNUSED_VARIABLE = YES;
				IPHONEOS_DEPLOYMENT_TARGET = 15.5;
				MTL_ENABLE_DEBUG_INFO = INCLUDE_SOURCE;
				MTL_FAST_MATH = YES;
				ONLY_ACTIVE_ARCH = YES;
				SDKROOT = iphoneos;
				SWIFT_ACTIVE_COMPILATION_CONDITIONS = DEBUG;
				SWIFT_OPTIMIZATION_LEVEL = "-Onone";
			};
			name = Debug;
		};
		9A1E403E28A7A5AA006423CF /* Release */ = {
			isa = XCBuildConfiguration;
			buildSettings = {
				ALWAYS_SEARCH_USER_PATHS = NO;
				CLANG_ANALYZER_NONNULL = YES;
				CLANG_ANALYZER_NUMBER_OBJECT_CONVERSION = YES_AGGRESSIVE;
				CLANG_CXX_LANGUAGE_STANDARD = "gnu++17";
				CLANG_ENABLE_MODULES = YES;
				CLANG_ENABLE_OBJC_ARC = YES;
				CLANG_ENABLE_OBJC_WEAK = YES;
				CLANG_WARN_BLOCK_CAPTURE_AUTORELEASING = YES;
				CLANG_WARN_BOOL_CONVERSION = YES;
				CLANG_WARN_COMMA = YES;
				CLANG_WARN_CONSTANT_CONVERSION = YES;
				CLANG_WARN_DEPRECATED_OBJC_IMPLEMENTATIONS = YES;
				CLANG_WARN_DIRECT_OBJC_ISA_USAGE = YES_ERROR;
				CLANG_WARN_DOCUMENTATION_COMMENTS = YES;
				CLANG_WARN_EMPTY_BODY = YES;
				CLANG_WARN_ENUM_CONVERSION = YES;
				CLANG_WARN_INFINITE_RECURSION = YES;
				CLANG_WARN_INT_CONVERSION = YES;
				CLANG_WARN_NON_LITERAL_NULL_CONVERSION = YES;
				CLANG_WARN_OBJC_IMPLICIT_RETAIN_SELF = YES;
				CLANG_WARN_OBJC_LITERAL_CONVERSION = YES;
				CLANG_WARN_OBJC_ROOT_CLASS = YES_ERROR;
				CLANG_WARN_QUOTED_INCLUDE_IN_FRAMEWORK_HEADER = YES;
				CLANG_WARN_RANGE_LOOP_ANALYSIS = YES;
				CLANG_WARN_STRICT_PROTOTYPES = YES;
				CLANG_WARN_SUSPICIOUS_MOVE = YES;
				CLANG_WARN_UNGUARDED_AVAILABILITY = YES_AGGRESSIVE;
				CLANG_WARN_UNREACHABLE_CODE = YES;
				CLANG_WARN__DUPLICATE_METHOD_MATCH = YES;
				COPY_PHASE_STRIP = NO;
				DEBUG_INFORMATION_FORMAT = "dwarf-with-dsym";
				ENABLE_NS_ASSERTIONS = NO;
				ENABLE_STRICT_OBJC_MSGSEND = YES;
				GCC_C_LANGUAGE_STANDARD = gnu11;
				GCC_NO_COMMON_BLOCKS = YES;
				GCC_WARN_64_TO_32_BIT_CONVERSION = YES;
				GCC_WARN_ABOUT_RETURN_TYPE = YES_ERROR;
				GCC_WARN_UNDECLARED_SELECTOR = YES;
				GCC_WARN_UNINITIALIZED_AUTOS = YES_AGGRESSIVE;
				GCC_WARN_UNUSED_FUNCTION = YES;
				GCC_WARN_UNUSED_VARIABLE = YES;
				IPHONEOS_DEPLOYMENT_TARGET = 15.5;
				MTL_ENABLE_DEBUG_INFO = NO;
				MTL_FAST_MATH = YES;
				SDKROOT = iphoneos;
				SWIFT_COMPILATION_MODE = wholemodule;
				SWIFT_OPTIMIZATION_LEVEL = "-O";
				VALIDATE_PRODUCT = YES;
			};
			name = Release;
		};
		9A1E404028A7A5AA006423CF /* Debug */ = {
			isa = XCBuildConfiguration;
			buildSettings = {
				ASSETCATALOG_COMPILER_APPICON_NAME = AppIcon;
				ASSETCATALOG_COMPILER_GLOBAL_ACCENT_COLOR_NAME = AccentColor;
				CODE_SIGN_STYLE = Automatic;
				CURRENT_PROJECT_VERSION = 1;
				DEVELOPMENT_TEAM = 9BZ4794R5K;
				GENERATE_INFOPLIST_FILE = YES;
				INFOPLIST_FILE = "Galaktion Nizharadze, Assignment #22/SupportingFiles/Info.plist";
				INFOPLIST_KEY_UIApplicationSupportsIndirectInputEvents = YES;
				INFOPLIST_KEY_UILaunchStoryboardName = LaunchScreen;
				INFOPLIST_KEY_UIMainStoryboardFile = "";
				INFOPLIST_KEY_UISupportedInterfaceOrientations_iPad = "UIInterfaceOrientationPortrait UIInterfaceOrientationPortraitUpsideDown UIInterfaceOrientationLandscapeLeft UIInterfaceOrientationLandscapeRight";
				INFOPLIST_KEY_UISupportedInterfaceOrientations_iPhone = "UIInterfaceOrientationPortrait UIInterfaceOrientationLandscapeLeft UIInterfaceOrientationLandscapeRight";
				LD_RUNPATH_SEARCH_PATHS = (
					"$(inherited)",
					"@executable_path/Frameworks",
				);
				MARKETING_VERSION = 1.0;
				PRODUCT_BUNDLE_IDENTIFIER = "com.tbcbootcamp.Galaktion-Nizharadze--Assignment--22";
				PRODUCT_NAME = "$(TARGET_NAME)";
				SWIFT_EMIT_LOC_STRINGS = YES;
				SWIFT_VERSION = 5.0;
				TARGETED_DEVICE_FAMILY = "1,2";
			};
			name = Debug;
		};
		9A1E404128A7A5AA006423CF /* Release */ = {
			isa = XCBuildConfiguration;
			buildSettings = {
				ASSETCATALOG_COMPILER_APPICON_NAME = AppIcon;
				ASSETCATALOG_COMPILER_GLOBAL_ACCENT_COLOR_NAME = AccentColor;
				CODE_SIGN_STYLE = Automatic;
				CURRENT_PROJECT_VERSION = 1;
				DEVELOPMENT_TEAM = 9BZ4794R5K;
				GENERATE_INFOPLIST_FILE = YES;
				INFOPLIST_FILE = "Galaktion Nizharadze, Assignment #22/SupportingFiles/Info.plist";
				INFOPLIST_KEY_UIApplicationSupportsIndirectInputEvents = YES;
				INFOPLIST_KEY_UILaunchStoryboardName = LaunchScreen;
				INFOPLIST_KEY_UIMainStoryboardFile = "";
				INFOPLIST_KEY_UISupportedInterfaceOrientations_iPad = "UIInterfaceOrientationPortrait UIInterfaceOrientationPortraitUpsideDown UIInterfaceOrientationLandscapeLeft UIInterfaceOrientationLandscapeRight";
				INFOPLIST_KEY_UISupportedInterfaceOrientations_iPhone = "UIInterfaceOrientationPortrait UIInterfaceOrientationLandscapeLeft UIInterfaceOrientationLandscapeRight";
				LD_RUNPATH_SEARCH_PATHS = (
					"$(inherited)",
					"@executable_path/Frameworks",
				);
				MARKETING_VERSION = 1.0;
				PRODUCT_BUNDLE_IDENTIFIER = "com.tbcbootcamp.Galaktion-Nizharadze--Assignment--22";
				PRODUCT_NAME = "$(TARGET_NAME)";
				SWIFT_EMIT_LOC_STRINGS = YES;
				SWIFT_VERSION = 5.0;
				TARGETED_DEVICE_FAMILY = "1,2";
			};
			name = Release;
		};
/* End XCBuildConfiguration section */

/* Begin XCConfigurationList section */
		9A1E402628A7A5A6006423CF /* Build configuration list for PBXProject "Galaktion Nizharadze, Assignment #22" */ = {
			isa = XCConfigurationList;
			buildConfigurations = (
				9A1E403D28A7A5AA006423CF /* Debug */,
				9A1E403E28A7A5AA006423CF /* Release */,
			);
			defaultConfigurationIsVisible = 0;
			defaultConfigurationName = Release;
		};
		9A1E403F28A7A5AA006423CF /* Build configuration list for PBXNativeTarget "Galaktion Nizharadze, Assignment #22" */ = {
			isa = XCConfigurationList;
			buildConfigurations = (
				9A1E404028A7A5AA006423CF /* Debug */,
				9A1E404128A7A5AA006423CF /* Release */,
			);
			defaultConfigurationIsVisible = 0;
			defaultConfigurationName = Release;
		};
/* End XCConfigurationList section */
	};
	rootObject = 9A1E402328A7A5A6006423CF /* Project object */;
}
